
Microsoft Visual Studio Solution File, Format Version 12.00
# Visual Studio Version 17
VisualStudioVersion = 17.5.2.0
MinimumVisualStudioVersion = 10.0.40219.1
Project("{2150E333-8FDC-42A3-9474-1A3956D46DE8}") = "lab1", "lab1", "{F1A2B3C4-D5E6-7890-1234-56789ABCDEF1}"
EndProject
Project("{FAE04EC0-301F-11D3-BF4B-00C04F79EFBC}") = "CopilotCalculator", "lab1\CopilotCalculator.csproj", "{6A237867-E54E-FA3F-4A54-222DC811506B}"
EndProject
Project("{2150E333-8FDC-42A3-9474-1A3956D46DE8}") = "lab2", "lab2", "{F2A2B3C4-D5E6-7890-1234-56789ABCDEF2}"
EndProject
Project("{FAE04EC0-301F-11D3-BF4B-00C04F79EFBC}") = "TodoListManager", "lab2\TodoListManager\TodoListManager.csproj", "{B2F89C45-3D8A-4E5F-8C7D-1A9B2E5F6C8D}"
EndProject
Project("{2150E333-8FDC-42A3-9474-1A3956D46DE8}") = "lab3", "lab3", "{F3A2B3C4-D5E6-7890-1234-56789ABCDEF3}"
EndProject
Project("{FAE04EC0-301F-11D3-BF4B-00C04F79EFBC}") = "ProductInventoryAPI", "lab3\ProductInventoryAPI\ProductInventoryAPI.csproj", "{582DA578-F8D0-9650-E23C-B50F63C0EA7D}"
EndProject
Project("{2150E333-8FDC-42A3-9474-1A3956D46DE8}") = "lab4", "lab4", "{F4A2B3C4-D5E6-7890-1234-56789ABCDEF4}"
EndProject
Project("{FAE04EC0-301F-11D3-BF4B-00C04F79EFBC}") = "ProductInventoryAPI", "lab4\ProductInventoryAPI\ProductInventoryAPI.csproj", "{4A8BC2E7-F123-4567-8901-23456789ABCD}"
EndProject
Project("{FAE04EC0-301F-11D3-BF4B-00C04F79EFBC}") = "ProductInventoryAPI.Tests", "lab4\ProductInventoryAPI.Tests\ProductInventoryAPI.Tests.csproj", "{BB32F63D-2321-7A2F-270A-D08AC14E827E}"
EndProject
Project("{2150E333-8FDC-42A3-9474-1A3956D46DE8}") = "lab5", "lab5", "{F5A2B3C4-D5E6-7890-1234-56789ABCDEF5}"
EndProject
Project("{2150E333-8FDC-42A3-9474-1A3956D46DE8}") = "lab6", "lab6", "{F6A2B3C4-D5E6-7890-1234-56789ABCDEF6}"
EndProject
Project("{2150E333-8FDC-42A3-9474-1A3956D46DE8}") = "lab7", "lab7", "{F7A2B3C4-D5E6-7890-1234-56789ABCDEF7}"
EndProject
Project("{2150E333-8FDC-42A3-9474-1A3956D46DE8}") = "lab9", "lab9", "{F9A2B3C4-D5E6-7890-1234-56789ABCDEF9}"
EndProject
Project("{FAE04EC0-301F-11D3-BF4B-00C04F79EFBC}") = "DebuggingWithCopilot", "lab5\DebuggingWithCopilot\DebuggingWithCopilot.csproj", "{2902F2C4-02F1-4154-A161-B2CAFAB0B5B3}"
EndProject
Project("{2150E333-8FDC-42A3-9474-1A3956D46DE8}") = "lab10", "lab10", "{04A3331B-C9DD-A790-E29F-5B6283ABCFA2}"
EndProject
Project("{FAE04EC0-301F-11D3-BF4B-00C04F79EFBC}") = "CalculatorApp", "lab10\CalculatorApp\CalculatorApp.csproj", "{4B52B85F-4859-46EC-913F-70EBC1CB2B9C}"
EndProject
Project("{2150E333-8FDC-42A3-9474-1A3956D46DE8}") = "lab8", "lab8", "{5B9E4285-1209-57E0-5CD5-9290C4D2881C}"
EndProject
Project("{FAE04EC0-301F-11D3-BF4B-00C04F79EFBC}") = "ProductInventoryAPIwithEFC", "lab6\ProductInventoryAPIwithEFC\ProductInventoryAPIwithEFC.csproj", "{5BFDF1AA-451A-4287-8811-F82060360F9D}"
EndProject
Project("{FAE04EC0-301F-11D3-BF4B-00C04F79EFBC}") = "ExpenseTracker", "lab7\ExpenseTracker\ExpenseTracker.csproj", "{E866C686-286F-40AE-B48B-8948C52B5C3C}"
EndProject
Project("{FAE04EC0-301F-11D3-BF4B-00C04F79EFBC}") = "AdvancedCopilotAPI", "lab8\AdvancedCopilotAPI\AdvancedCopilotAPI.csproj", "{8D820936-F021-4708-AABA-1252289DA9B4}"
EndProject
Project("{FAE04EC0-301F-11D3-BF4B-00C04F79EFBC}") = "AdvancedCopilotAPI.Tests", "lab8\AdvancedCopilotAPI.Tests\AdvancedCopilotAPI.Tests.csproj", "{2150C9FE-60BD-4B75-82A2-4E7A2A9A765C}"
EndProject
Project("{FAE04EC0-301F-11D3-BF4B-00C04F79EFBC}") = "BookLibraryAPI", "lab9\BookLibraryAPI\BookLibraryAPI.csproj", "{AFEACE87-C44A-4F80-BF9B-22CC2EC0D30C}"
EndProject
Project("{FAE04EC0-301F-11D3-BF4B-00C04F79EFBC}") = "CSharpProjectMcpServer", "lab9\CSharpProjectMcpServer\CSharpProjectMcpServer.csproj", "{81BD5997-785C-48E5-87D5-94F845E3A8BC}"
EndProject
Project("{FAE04EC0-301F-11D3-BF4B-00C04F79EFBC}") = "BookLibraryAPI.Tests", "lab9\BookLibraryAPI.Tests\BookLibraryAPI.Tests.csproj", "{C769A2E8-6EC1-4427-ADA9-9F4687FD50C1}"
EndProject
Global
	GlobalSection(SolutionConfigurationPlatforms) = preSolution
		Debug|Any CPU = Debug|Any CPU
		Debug|x64 = Debug|x64
		Debug|x86 = Debug|x86
		Release|Any CPU = Release|Any CPU
		Release|x64 = Release|x64
		Release|x86 = Release|x86
	EndGlobalSection
	GlobalSection(ProjectConfigurationPlatforms) = postSolution
		{6A237867-E54E-FA3F-4A54-222DC811506B}.Debug|Any CPU.ActiveCfg = Debug|Any CPU
		{6A237867-E54E-FA3F-4A54-222DC811506B}.Debug|Any CPU.Build.0 = Debug|Any CPU
		{6A237867-E54E-FA3F-4A54-222DC811506B}.Debug|x64.ActiveCfg = Debug|Any CPU
		{6A237867-E54E-FA3F-4A54-222DC811506B}.Debug|x64.Build.0 = Debug|Any CPU
		{6A237867-E54E-FA3F-4A54-222DC811506B}.Debug|x86.ActiveCfg = Debug|Any CPU
		{6A237867-E54E-FA3F-4A54-222DC811506B}.Debug|x86.Build.0 = Debug|Any CPU
		{6A237867-E54E-FA3F-4A54-222DC811506B}.Release|Any CPU.ActiveCfg = Release|Any CPU
		{6A237867-E54E-FA3F-4A54-222DC811506B}.Release|Any CPU.Build.0 = Release|Any CPU
		{6A237867-E54E-FA3F-4A54-222DC811506B}.Release|x64.ActiveCfg = Release|Any CPU
		{6A237867-E54E-FA3F-4A54-222DC811506B}.Release|x64.Build.0 = Release|Any CPU
		{6A237867-E54E-FA3F-4A54-222DC811506B}.Release|x86.ActiveCfg = Release|Any CPU
		{6A237867-E54E-FA3F-4A54-222DC811506B}.Release|x86.Build.0 = Release|Any CPU
		{B2F89C45-3D8A-4E5F-8C7D-1A9B2E5F6C8D}.Debug|Any CPU.ActiveCfg = Debug|Any CPU
		{B2F89C45-3D8A-4E5F-8C7D-1A9B2E5F6C8D}.Debug|Any CPU.Build.0 = Debug|Any CPU
		{B2F89C45-3D8A-4E5F-8C7D-1A9B2E5F6C8D}.Debug|x64.ActiveCfg = Debug|Any CPU
		{B2F89C45-3D8A-4E5F-8C7D-1A9B2E5F6C8D}.Debug|x64.Build.0 = Debug|Any CPU
		{B2F89C45-3D8A-4E5F-8C7D-1A9B2E5F6C8D}.Debug|x86.ActiveCfg = Debug|Any CPU
		{B2F89C45-3D8A-4E5F-8C7D-1A9B2E5F6C8D}.Debug|x86.Build.0 = Debug|Any CPU
		{B2F89C45-3D8A-4E5F-8C7D-1A9B2E5F6C8D}.Release|Any CPU.ActiveCfg = Release|Any CPU
		{B2F89C45-3D8A-4E5F-8C7D-1A9B2E5F6C8D}.Release|Any CPU.Build.0 = Release|Any CPU
		{B2F89C45-3D8A-4E5F-8C7D-1A9B2E5F6C8D}.Release|x64.ActiveCfg = Release|Any CPU
		{B2F89C45-3D8A-4E5F-8C7D-1A9B2E5F6C8D}.Release|x64.Build.0 = Release|Any CPU
		{B2F89C45-3D8A-4E5F-8C7D-1A9B2E5F6C8D}.Release|x86.ActiveCfg = Release|Any CPU
		{B2F89C45-3D8A-4E5F-8C7D-1A9B2E5F6C8D}.Release|x86.Build.0 = Release|Any CPU
		{582DA578-F8D0-9650-E23C-B50F63C0EA7D}.Debug|Any CPU.ActiveCfg = Debug|Any CPU
		{582DA578-F8D0-9650-E23C-B50F63C0EA7D}.Debug|Any CPU.Build.0 = Debug|Any CPU
		{582DA578-F8D0-9650-E23C-B50F63C0EA7D}.Debug|x64.ActiveCfg = Debug|Any CPU
		{582DA578-F8D0-9650-E23C-B50F63C0EA7D}.Debug|x64.Build.0 = Debug|Any CPU
		{582DA578-F8D0-9650-E23C-B50F63C0EA7D}.Debug|x86.ActiveCfg = Debug|Any CPU
		{582DA578-F8D0-9650-E23C-B50F63C0EA7D}.Debug|x86.Build.0 = Debug|Any CPU
		{582DA578-F8D0-9650-E23C-B50F63C0EA7D}.Release|Any CPU.ActiveCfg = Release|Any CPU
		{582DA578-F8D0-9650-E23C-B50F63C0EA7D}.Release|Any CPU.Build.0 = Release|Any CPU
		{582DA578-F8D0-9650-E23C-B50F63C0EA7D}.Release|x64.ActiveCfg = Release|Any CPU
		{582DA578-F8D0-9650-E23C-B50F63C0EA7D}.Release|x64.Build.0 = Release|Any CPU
		{582DA578-F8D0-9650-E23C-B50F63C0EA7D}.Release|x86.ActiveCfg = Release|Any CPU
		{582DA578-F8D0-9650-E23C-B50F63C0EA7D}.Release|x86.Build.0 = Release|Any CPU
		{BB32F63D-2321-7A2F-270A-D08AC14E827E}.Debug|Any CPU.ActiveCfg = Debug|Any CPU
		{BB32F63D-2321-7A2F-270A-D08AC14E827E}.Debug|Any CPU.Build.0 = Debug|Any CPU
		{BB32F63D-2321-7A2F-270A-D08AC14E827E}.Debug|x64.ActiveCfg = Debug|Any CPU
		{BB32F63D-2321-7A2F-270A-D08AC14E827E}.Debug|x64.Build.0 = Debug|Any CPU
		{BB32F63D-2321-7A2F-270A-D08AC14E827E}.Debug|x86.ActiveCfg = Debug|Any CPU
		{BB32F63D-2321-7A2F-270A-D08AC14E827E}.Debug|x86.Build.0 = Debug|Any CPU
		{BB32F63D-2321-7A2F-270A-D08AC14E827E}.Release|Any CPU.ActiveCfg = Release|Any CPU
		{BB32F63D-2321-7A2F-270A-D08AC14E827E}.Release|Any CPU.Build.0 = Release|Any CPU
		{BB32F63D-2321-7A2F-270A-D08AC14E827E}.Release|x64.ActiveCfg = Release|Any CPU
		{BB32F63D-2321-7A2F-270A-D08AC14E827E}.Release|x64.Build.0 = Release|Any CPU
		{BB32F63D-2321-7A2F-270A-D08AC14E827E}.Release|x86.ActiveCfg = Release|Any CPU
		{BB32F63D-2321-7A2F-270A-D08AC14E827E}.Release|x86.Build.0 = Release|Any CPU
		{4A8BC2E7-F123-4567-8901-23456789ABCD}.Debug|Any CPU.ActiveCfg = Debug|Any CPU
		{4A8BC2E7-F123-4567-8901-23456789ABCD}.Debug|Any CPU.Build.0 = Debug|Any CPU
		{4A8BC2E7-F123-4567-8901-23456789ABCD}.Debug|x64.ActiveCfg = Debug|Any CPU
		{4A8BC2E7-F123-4567-8901-23456789ABCD}.Debug|x64.Build.0 = Debug|Any CPU
		{4A8BC2E7-F123-4567-8901-23456789ABCD}.Debug|x86.ActiveCfg = Debug|Any CPU
		{4A8BC2E7-F123-4567-8901-23456789ABCD}.Debug|x86.Build.0 = Debug|Any CPU
		{4A8BC2E7-F123-4567-8901-23456789ABCD}.Release|Any CPU.ActiveCfg = Release|Any CPU
		{4A8BC2E7-F123-4567-8901-23456789ABCD}.Release|Any CPU.Build.0 = Release|Any CPU
		{4A8BC2E7-F123-4567-8901-23456789ABCD}.Release|x64.ActiveCfg = Release|Any CPU
		{4A8BC2E7-F123-4567-8901-23456789ABCD}.Release|x64.Build.0 = Release|Any CPU
		{4A8BC2E7-F123-4567-8901-23456789ABCD}.Release|x86.ActiveCfg = Release|Any CPU
		{4A8BC2E7-F123-4567-8901-23456789ABCD}.Release|x86.Build.0 = Release|Any CPU
		{2902F2C4-02F1-4154-A161-B2CAFAB0B5B3}.Debug|Any CPU.ActiveCfg = Debug|Any CPU
		{2902F2C4-02F1-4154-A161-B2CAFAB0B5B3}.Debug|Any CPU.Build.0 = Debug|Any CPU
		{2902F2C4-02F1-4154-A161-B2CAFAB0B5B3}.Debug|x64.ActiveCfg = Debug|Any CPU
		{2902F2C4-02F1-4154-A161-B2CAFAB0B5B3}.Debug|x64.Build.0 = Debug|Any CPU
		{2902F2C4-02F1-4154-A161-B2CAFAB0B5B3}.Debug|x86.ActiveCfg = Debug|Any CPU
		{2902F2C4-02F1-4154-A161-B2CAFAB0B5B3}.Debug|x86.Build.0 = Debug|Any CPU
		{2902F2C4-02F1-4154-A161-B2CAFAB0B5B3}.Release|Any CPU.ActiveCfg = Release|Any CPU
		{2902F2C4-02F1-4154-A161-B2CAFAB0B5B3}.Release|Any CPU.Build.0 = Release|Any CPU
		{2902F2C4-02F1-4154-A161-B2CAFAB0B5B3}.Release|x64.ActiveCfg = Release|Any CPU
		{2902F2C4-02F1-4154-A161-B2CAFAB0B5B3}.Release|x64.Build.0 = Release|Any CPU
		{2902F2C4-02F1-4154-A161-B2CAFAB0B5B3}.Release|x86.ActiveCfg = Release|Any CPU
		{2902F2C4-02F1-4154-A161-B2CAFAB0B5B3}.Release|x86.Build.0 = Release|Any CPU
		{4B52B85F-4859-46EC-913F-70EBC1CB2B9C}.Debug|Any CPU.ActiveCfg = Debug|Any CPU
		{4B52B85F-4859-46EC-913F-70EBC1CB2B9C}.Debug|Any CPU.Build.0 = Debug|Any CPU
		{4B52B85F-4859-46EC-913F-70EBC1CB2B9C}.Debug|x64.ActiveCfg = Debug|Any CPU
		{4B52B85F-4859-46EC-913F-70EBC1CB2B9C}.Debug|x64.Build.0 = Debug|Any CPU
		{4B52B85F-4859-46EC-913F-70EBC1CB2B9C}.Debug|x86.ActiveCfg = Debug|Any CPU
		{4B52B85F-4859-46EC-913F-70EBC1CB2B9C}.Debug|x86.Build.0 = Debug|Any CPU
		{4B52B85F-4859-46EC-913F-70EBC1CB2B9C}.Release|Any CPU.ActiveCfg = Release|Any CPU
		{4B52B85F-4859-46EC-913F-70EBC1CB2B9C}.Release|Any CPU.Build.0 = Release|Any CPU
		{4B52B85F-4859-46EC-913F-70EBC1CB2B9C}.Release|x64.ActiveCfg = Release|Any CPU
		{4B52B85F-4859-46EC-913F-70EBC1CB2B9C}.Release|x64.Build.0 = Release|Any CPU
		{4B52B85F-4859-46EC-913F-70EBC1CB2B9C}.Release|x86.ActiveCfg = Release|Any CPU
		{4B52B85F-4859-46EC-913F-70EBC1CB2B9C}.Release|x86.Build.0 = Release|Any CPU
		{5BFDF1AA-451A-4287-8811-F82060360F9D}.Debug|Any CPU.ActiveCfg = Debug|Any CPU
		{5BFDF1AA-451A-4287-8811-F82060360F9D}.Debug|Any CPU.Build.0 = Debug|Any CPU
		{5BFDF1AA-451A-4287-8811-F82060360F9D}.Debug|x64.ActiveCfg = Debug|Any CPU
		{5BFDF1AA-451A-4287-8811-F82060360F9D}.Debug|x64.Build.0 = Debug|Any CPU
		{5BFDF1AA-451A-4287-8811-F82060360F9D}.Debug|x86.ActiveCfg = Debug|Any CPU
		{5BFDF1AA-451A-4287-8811-F82060360F9D}.Debug|x86.Build.0 = Debug|Any CPU
		{5BFDF1AA-451A-4287-8811-F82060360F9D}.Release|Any CPU.ActiveCfg = Release|Any CPU
		{5BFDF1AA-451A-4287-8811-F82060360F9D}.Release|Any CPU.Build.0 = Release|Any CPU
		{5BFDF1AA-451A-4287-8811-F82060360F9D}.Release|x64.ActiveCfg = Release|Any CPU
		{5BFDF1AA-451A-4287-8811-F82060360F9D}.Release|x64.Build.0 = Release|Any CPU
		{5BFDF1AA-451A-4287-8811-F82060360F9D}.Release|x86.ActiveCfg = Release|Any CPU
		{5BFDF1AA-451A-4287-8811-F82060360F9D}.Release|x86.Build.0 = Release|Any CPU
		{E866C686-286F-40AE-B48B-8948C52B5C3C}.Debug|Any CPU.ActiveCfg = Debug|Any CPU
		{E866C686-286F-40AE-B48B-8948C52B5C3C}.Debug|Any CPU.Build.0 = Debug|Any CPU
		{E866C686-286F-40AE-B48B-8948C52B5C3C}.Debug|x64.ActiveCfg = Debug|Any CPU
		{E866C686-286F-40AE-B48B-8948C52B5C3C}.Debug|x64.Build.0 = Debug|Any CPU
		{E866C686-286F-40AE-B48B-8948C52B5C3C}.Debug|x86.ActiveCfg = Debug|Any CPU
		{E866C686-286F-40AE-B48B-8948C52B5C3C}.Debug|x86.Build.0 = Debug|Any CPU
		{E866C686-286F-40AE-B48B-8948C52B5C3C}.Release|Any CPU.ActiveCfg = Release|Any CPU
		{E866C686-286F-40AE-B48B-8948C52B5C3C}.Release|Any CPU.Build.0 = Release|Any CPU
		{E866C686-286F-40AE-B48B-8948C52B5C3C}.Release|x64.ActiveCfg = Release|Any CPU
		{E866C686-286F-40AE-B48B-8948C52B5C3C}.Release|x64.Build.0 = Release|Any CPU
		{E866C686-286F-40AE-B48B-8948C52B5C3C}.Release|x86.ActiveCfg = Release|Any CPU
		{E866C686-286F-40AE-B48B-8948C52B5C3C}.Release|x86.Build.0 = Release|Any CPU
		{8D820936-F021-4708-AABA-1252289DA9B4}.Debug|Any CPU.ActiveCfg = Debug|Any CPU
		{8D820936-F021-4708-AABA-1252289DA9B4}.Debug|Any CPU.Build.0 = Debug|Any CPU
		{8D820936-F021-4708-AABA-1252289DA9B4}.Debug|x64.ActiveCfg = Debug|Any CPU
		{8D820936-F021-4708-AABA-1252289DA9B4}.Debug|x64.Build.0 = Debug|Any CPU
		{8D820936-F021-4708-AABA-1252289DA9B4}.Debug|x86.ActiveCfg = Debug|Any CPU
		{8D820936-F021-4708-AABA-1252289DA9B4}.Debug|x86.Build.0 = Debug|Any CPU
		{8D820936-F021-4708-AABA-1252289DA9B4}.Release|Any CPU.ActiveCfg = Release|Any CPU
		{8D820936-F021-4708-AABA-1252289DA9B4}.Release|Any CPU.Build.0 = Release|Any CPU
		{8D820936-F021-4708-AABA-1252289DA9B4}.Release|x64.ActiveCfg = Release|Any CPU
		{8D820936-F021-4708-AABA-1252289DA9B4}.Release|x64.Build.0 = Release|Any CPU
		{8D820936-F021-4708-AABA-1252289DA9B4}.Release|x86.ActiveCfg = Release|Any CPU
		{8D820936-F021-4708-AABA-1252289DA9B4}.Release|x86.Build.0 = Release|Any CPU
		{2150C9FE-60BD-4B75-82A2-4E7A2A9A765C}.Debug|Any CPU.ActiveCfg = Debug|Any CPU
		{2150C9FE-60BD-4B75-82A2-4E7A2A9A765C}.Debug|Any CPU.Build.0 = Debug|Any CPU
		{2150C9FE-60BD-4B75-82A2-4E7A2A9A765C}.Debug|x64.ActiveCfg = Debug|Any CPU
		{2150C9FE-60BD-4B75-82A2-4E7A2A9A765C}.Debug|x64.Build.0 = Debug|Any CPU
		{2150C9FE-60BD-4B75-82A2-4E7A2A9A765C}.Debug|x86.ActiveCfg = Debug|Any CPU
		{2150C9FE-60BD-4B75-82A2-4E7A2A9A765C}.Debug|x86.Build.0 = Debug|Any CPU
		{2150C9FE-60BD-4B75-82A2-4E7A2A9A765C}.Release|Any CPU.ActiveCfg = Release|Any CPU
		{2150C9FE-60BD-4B75-82A2-4E7A2A9A765C}.Release|Any CPU.Build.0 = Release|Any CPU
		{2150C9FE-60BD-4B75-82A2-4E7A2A9A765C}.Release|x64.ActiveCfg = Release|Any CPU
		{2150C9FE-60BD-4B75-82A2-4E7A2A9A765C}.Release|x64.Build.0 = Release|Any CPU
		{2150C9FE-60BD-4B75-82A2-4E7A2A9A765C}.Release|x86.ActiveCfg = Release|Any CPU
		{2150C9FE-60BD-4B75-82A2-4E7A2A9A765C}.Release|x86.Build.0 = Release|Any CPU
		{AFEACE87-C44A-4F80-BF9B-22CC2EC0D30C}.Debug|Any CPU.ActiveCfg = Debug|Any CPU
		{AFEACE87-C44A-4F80-BF9B-22CC2EC0D30C}.Debug|Any CPU.Build.0 = Debug|Any CPU
		{AFEACE87-C44A-4F80-BF9B-22CC2EC0D30C}.Debug|x64.ActiveCfg = Debug|Any CPU
		{AFEACE87-C44A-4F80-BF9B-22CC2EC0D30C}.Debug|x64.Build.0 = Debug|Any CPU
		{AFEACE87-C44A-4F80-BF9B-22CC2EC0D30C}.Debug|x86.ActiveCfg = Debug|Any CPU
		{AFEACE87-C44A-4F80-BF9B-22CC2EC0D30C}.Debug|x86.Build.0 = Debug|Any CPU
		{AFEACE87-C44A-4F80-BF9B-22CC2EC0D30C}.Release|Any CPU.ActiveCfg = Release|Any CPU
		{AFEACE87-C44A-4F80-BF9B-22CC2EC0D30C}.Release|Any CPU.Build.0 = Release|Any CPU
		{AFEACE87-C44A-4F80-BF9B-22CC2EC0D30C}.Release|x64.ActiveCfg = Release|Any CPU
		{AFEACE87-C44A-4F80-BF9B-22CC2EC0D30C}.Release|x64.Build.0 = Release|Any CPU
		{AFEACE87-C44A-4F80-BF9B-22CC2EC0D30C}.Release|x86.ActiveCfg = Release|Any CPU
		{AFEACE87-C44A-4F80-BF9B-22CC2EC0D30C}.Release|x86.Build.0 = Release|Any CPU
		{81BD5997-785C-48E5-87D5-94F845E3A8BC}.Debug|Any CPU.ActiveCfg = Debug|Any CPU
		{81BD5997-785C-48E5-87D5-94F845E3A8BC}.Debug|Any CPU.Build.0 = Debug|Any CPU
		{81BD5997-785C-48E5-87D5-94F845E3A8BC}.Debug|x64.ActiveCfg = Debug|Any CPU
		{81BD5997-785C-48E5-87D5-94F845E3A8BC}.Debug|x64.Build.0 = Debug|Any CPU
		{81BD5997-785C-48E5-87D5-94F845E3A8BC}.Debug|x86.ActiveCfg = Debug|Any CPU
		{81BD5997-785C-48E5-87D5-94F845E3A8BC}.Debug|x86.Build.0 = Debug|Any CPU
		{81BD5997-785C-48E5-87D5-94F845E3A8BC}.Release|Any CPU.ActiveCfg = Release|Any CPU
		{81BD5997-785C-48E5-87D5-94F845E3A8BC}.Release|Any CPU.Build.0 = Release|Any CPU
		{81BD5997-785C-48E5-87D5-94F845E3A8BC}.Release|x64.ActiveCfg = Release|Any CPU
		{81BD5997-785C-48E5-87D5-94F845E3A8BC}.Release|x64.Build.0 = Release|Any CPU
		{81BD5997-785C-48E5-87D5-94F845E3A8BC}.Release|x86.ActiveCfg = Release|Any CPU
		{81BD5997-785C-48E5-87D5-94F845E3A8BC}.Release|x86.Build.0 = Release|Any CPU
		{C769A2E8-6EC1-4427-ADA9-9F4687FD50C1}.Debug|Any CPU.ActiveCfg = Debug|Any CPU
		{C769A2E8-6EC1-4427-ADA9-9F4687FD50C1}.Debug|Any CPU.Build.0 = Debug|Any CPU
		{C769A2E8-6EC1-4427-ADA9-9F4687FD50C1}.Debug|x64.ActiveCfg = Debug|Any CPU
		{C769A2E8-6EC1-4427-ADA9-9F4687FD50C1}.Debug|x64.Build.0 = Debug|Any CPU
		{C769A2E8-6EC1-4427-ADA9-9F4687FD50C1}.Debug|x86.ActiveCfg = Debug|Any CPU
		{C769A2E8-6EC1-4427-ADA9-9F4687FD50C1}.Debug|x86.Build.0 = Debug|Any CPU
		{C769A2E8-6EC1-4427-ADA9-9F4687FD50C1}.Release|Any CPU.ActiveCfg = Release|Any CPU
		{C769A2E8-6EC1-4427-ADA9-9F4687FD50C1}.Release|Any CPU.Build.0 = Release|Any CPU
		{C769A2E8-6EC1-4427-ADA9-9F4687FD50C1}.Release|x64.ActiveCfg = Release|Any CPU
		{C769A2E8-6EC1-4427-ADA9-9F4687FD50C1}.Release|x64.Build.0 = Release|Any CPU
		{C769A2E8-6EC1-4427-ADA9-9F4687FD50C1}.Release|x86.ActiveCfg = Release|Any CPU
		{C769A2E8-6EC1-4427-ADA9-9F4687FD50C1}.Release|x86.Build.0 = Release|Any CPU
	EndGlobalSection
	GlobalSection(SolutionProperties) = preSolution
		HideSolutionNode = FALSE
	EndGlobalSection
	GlobalSection(NestedProjects) = preSolution
		{6A237867-E54E-FA3F-4A54-222DC811506B} = {F1A2B3C4-D5E6-7890-1234-56789ABCDEF1}
		{B2F89C45-3D8A-4E5F-8C7D-1A9B2E5F6C8D} = {F2A2B3C4-D5E6-7890-1234-56789ABCDEF2}
		{582DA578-F8D0-9650-E23C-B50F63C0EA7D} = {F3A2B3C4-D5E6-7890-1234-56789ABCDEF3}
		{4A8BC2E7-F123-4567-8901-23456789ABCD} = {F4A2B3C4-D5E6-7890-1234-56789ABCDEF4}
		{BB32F63D-2321-7A2F-270A-D08AC14E827E} = {F4A2B3C4-D5E6-7890-1234-56789ABCDEF4}
		{2902F2C4-02F1-4154-A161-B2CAFAB0B5B3} = {F5A2B3C4-D5E6-7890-1234-56789ABCDEF5}
		{4B52B85F-4859-46EC-913F-70EBC1CB2B9C} = {04A3331B-C9DD-A790-E29F-5B6283ABCFA2}
		{5BFDF1AA-451A-4287-8811-F82060360F9D} = {F6A2B3C4-D5E6-7890-1234-56789ABCDEF6}
		{E866C686-286F-40AE-B48B-8948C52B5C3C} = {F7A2B3C4-D5E6-7890-1234-56789ABCDEF7}
		{8D820936-F021-4708-AABA-1252289DA9B4} = {5B9E4285-1209-57E0-5CD5-9290C4D2881C}
		{2150C9FE-60BD-4B75-82A2-4E7A2A9A765C} = {5B9E4285-1209-57E0-5CD5-9290C4D2881C}
		{AFEACE87-C44A-4F80-BF9B-22CC2EC0D30C} = {F9A2B3C4-D5E6-7890-1234-56789ABCDEF9}
		{81BD5997-785C-48E5-87D5-94F845E3A8BC} = {F9A2B3C4-D5E6-7890-1234-56789ABCDEF9}
		{C769A2E8-6EC1-4427-ADA9-9F4687FD50C1} = {F9A2B3C4-D5E6-7890-1234-56789ABCDEF9}
	EndGlobalSection
	GlobalSection(ExtensibilityGlobals) = postSolution
		SolutionGuid = {AE5391E3-9C25-4403-B50D-351C7F959312}
	EndGlobalSection
EndGlobal
